Microsoft Visual Studio Solution File, Format Version 11.00
# Visual Studio 2008

Project("{689AB554-B771-24CA-A1BD-CA5B7A6BC00E}") = "FelpudoGameAR", "Assembly-CSharp.csproj", "{1F43DBB6-5A68-00B7-7F28-31B822C152FE}"
EndProject
Project("{689AB554-B771-24CA-A1BD-CA5B7A6BC00E}") = "FelpudoGameAR", "Assembly-CSharp-Editor.csproj", "{512C4B39-84F4-D830-E4E2-3DD0B01533BB}"
EndProject
Project("{689AB554-B771-24CA-A1BD-CA5B7A6BC00E}") = "FelpudoGameAR", "Assembly-UnityScript-Editor-firstpass.unityproj", "{D0FBA6D9-1AF7-AD54-9007-B219F19AA840}"
EndProject
Global
	GlobalSection(SolutionConfigurationPlatforms) = preSolution
		Debug|Any CPU = Debug|Any CPU
		Release|Any CPU = Release|Any CPU
	EndGlobalSection
	GlobalSection(ProjectConfigurationPlatforms) = postSolution
		{1F43DBB6-5A68-00B7-7F28-31B822C152FE}.Debug|Any CPU.ActiveCfg = Debug|Any CPU
		{1F43DBB6-5A68-00B7-7F28-31B822C152FE}.Debug|Any CPU.Build.0 = Debug|Any CPU
		{1F43DBB6-5A68-00B7-7F28-31B822C152FE}.Release|Any CPU.ActiveCfg = Release|Any CPU
		{1F43DBB6-5A68-00B7-7F28-31B822C152FE}.Release|Any CPU.Build.0 = Release|Any CPU
		{512C4B39-84F4-D830-E4E2-3DD0B01533BB}.Debug|Any CPU.ActiveCfg = Debug|Any CPU
		{512C4B39-84F4-D830-E4E2-3DD0B01533BB}.Debug|Any CPU.Build.0 = Debug|Any CPU
		{512C4B39-84F4-D830-E4E2-3DD0B01533BB}.Release|Any CPU.ActiveCfg = Release|Any CPU
		{512C4B39-84F4-D830-E4E2-3DD0B01533BB}.Release|Any CPU.Build.0 = Release|Any CPU
		{D0FBA6D9-1AF7-AD54-9007-B219F19AA840}.Debug|Any CPU.ActiveCfg = Debug|Any CPU
		{D0FBA6D9-1AF7-AD54-9007-B219F19AA840}.Debug|Any CPU.Build.0 = Debug|Any CPU
		{D0FBA6D9-1AF7-AD54-9007-B219F19AA840}.Release|Any CPU.ActiveCfg = Release|Any CPU
		{D0FBA6D9-1AF7-AD54-9007-B219F19AA840}.Release|Any CPU.Build.0 = Release|Any CPU
	EndGlobalSection
	GlobalSection(SolutionProperties) = preSolution
		HideSolutionNode = FALSE
	EndGlobalSection
													GlobalSection(MonoDevelopProperties) = preSolution
		StartupItem = Assembly-CSharp.csproj
		Policies = $0
		$0.TextStylePolicy = $1
		$1.inheritsSet = null
		$1.scope = text/x-csharp
		$0.CSharpFormattingPolicy = $2
		$2.inheritsSet = Mono
		$2.inheritsScope = text/x-csharp
		$2.scope = text/x-csharp
		$0.TextStylePolicy = $3
		$3.FileWidth = 120
		$3.TabWidth = 4
		$3.EolMarker = Unix
		$3.inheritsSet = Mono
		$3.inheritsScope = text/plain
		$3.scope = text/plain
	EndGlobalSection

EndGlobal
